
Microsoft Visual Studio Solution File, Format Version 12.00
# Visual Studio Version 17
VisualStudioVersion = 17.9.34714.143
MinimumVisualStudioVersion = 10.0.40219.1
Project("{9A19103F-16F7-4668-BE54-9A1E7A4F7556}") = "ApiDepartamentos", "C:\Users\yorch\OneDrive\Escritorio\proyecto - copia\ApiDepartamentos\ApiDepartamentos\ApiDepartamentos.csproj", "{9D8A61BA-0198-47D9-9319-0B01D3E9756E}"
EndProject
Project("{9A19103F-16F7-4668-BE54-9A1E7A4F7556}") = "ProyectoRutas", "C:\Users\yorch\OneDrive\Escritorio\proyecto - copia\ProyectoRutas\ProyectoRutas\ProyectoRutas.csproj", "{C08F030B-76B6-477B-B4DE-02FF91179655}"
EndProject
Global
	GlobalSection(SolutionConfigurationPlatforms) = preSolution
		Debug|Any CPU = Debug|Any CPU
		Release|Any CPU = Release|Any CPU
	EndGlobalSection
	GlobalSection(ProjectConfigurationPlatforms) = postSolution
		{9D8A61BA-0198-47D9-9319-0B01D3E9756E}.Debug|Any CPU.ActiveCfg = Debug|Any CPU
		{9D8A61BA-0198-47D9-9319-0B01D3E9756E}.Debug|Any CPU.Build.0 = Debug|Any CPU
		{9D8A61BA-0198-47D9-9319-0B01D3E9756E}.Release|Any CPU.ActiveCfg = Release|Any CPU
		{9D8A61BA-0198-47D9-9319-0B01D3E9756E}.Release|Any CPU.Build.0 = Release|Any CPU
		{C08F030B-76B6-477B-B4DE-02FF91179655}.Debug|Any CPU.ActiveCfg = Debug|Any CPU
		{C08F030B-76B6-477B-B4DE-02FF91179655}.Debug|Any CPU.Build.0 = Debug|Any CPU
		{C08F030B-76B6-477B-B4DE-02FF91179655}.Release|Any CPU.ActiveCfg = Release|Any CPU
		{C08F030B-76B6-477B-B4DE-02FF91179655}.Release|Any CPU.Build.0 = Release|Any CPU
	EndGlobalSection
	GlobalSection(SolutionProperties) = preSolution
		HideSolutionNode = FALSE
	EndGlobalSection
	GlobalSection(ExtensibilityGlobals) = postSolution
		SolutionGuid = {F844DFE8-570E-4FD2-8ED4-50FE6C42C93C}
	EndGlobalSection
EndGlobal
